# THIS IS AN AUTOGENERATED FILE. DO NOT EDIT THIS FILE DIRECTLY.
# yarn lockfile v1


pulling@^2.0.0:
  version "2.0.1"
  resolved "https://registry.yarnpkg.com/pulling/-/pulling-2.0.1.tgz#1a880be1d490964ba7487e258447d3a5ab167f09"

striptags@^3.2.0:
  version "3.2.0"
  resolved "https://registry.yarnpkg.com/striptags/-/striptags-3.2.0.tgz#cc74a137db2de8b0b9a370006334161f7dd67052"
